// !$*UTF8*$!
{
	archiveVersion = 1;
	classes = {
	};
	objectVersion = 56;
	objects = {

/* Begin PBXBuildFile section */
		8708D6BB2A9F86E70000CAC5 /* SnapKit in Frameworks */ = {isa = PBXBuildFile; productRef = 8708D6BA2A9F86E70000CAC5 /* SnapKit */; };
		871D0EFE2A971F310097D6F1 /* SoundLogViewController.swift in Sources */ = {isa = PBXBuildFile; fileRef = 871D0EFD2A971F310097D6F1 /* SoundLogViewController.swift */; };
		8731316D2A9CE26700E8B645 /* SettingViewController.swift in Sources */ = {isa = PBXBuildFile; fileRef = 8731316C2A9CE26700E8B645 /* SettingViewController.swift */; };
		8744185D2AB8966200233604 /* RecordingSound.storyboard in Resources */ = {isa = PBXBuildFile; fileRef = 8744185C2AB8966200233604 /* RecordingSound.storyboard */; };
		8744185F2AB96F8F00233604 /* Shazam.storyboard in Resources */ = {isa = PBXBuildFile; fileRef = 8744185E2AB96F8F00233604 /* Shazam.storyboard */; };
		874418672ABAD97F00233604 /* RecordingViewController.swift in Sources */ = {isa = PBXBuildFile; fileRef = 874418662ABAD97F00233604 /* RecordingViewController.swift */; };
		874418692ABAD98400233604 /* RecordingViewController+AVFoundation.swift in Sources */ = {isa = PBXBuildFile; fileRef = 874418682ABAD98400233604 /* RecordingViewController+AVFoundation.swift */; };
		874418732ABB45FB00233604 /* Pretendard-Thin.otf in Resources */ = {isa = PBXBuildFile; fileRef = 8744186A2ABB45F900233604 /* Pretendard-Thin.otf */; };
		874418742ABB45FB00233604 /* Pretendard-Medium.otf in Resources */ = {isa = PBXBuildFile; fileRef = 8744186B2ABB45FA00233604 /* Pretendard-Medium.otf */; };
		874418752ABB45FB00233604 /* Pretendard-ExtraLight.otf in Resources */ = {isa = PBXBuildFile; fileRef = 8744186C2ABB45FA00233604 /* Pretendard-ExtraLight.otf */; };
		874418762ABB45FB00233604 /* Pretendard-Light.otf in Resources */ = {isa = PBXBuildFile; fileRef = 8744186D2ABB45FA00233604 /* Pretendard-Light.otf */; };
		874418772ABB45FB00233604 /* Pretendard-ExtraBold.otf in Resources */ = {isa = PBXBuildFile; fileRef = 8744186E2ABB45FA00233604 /* Pretendard-ExtraBold.otf */; };
		874418782ABB45FB00233604 /* Pretendard-Bold.otf in Resources */ = {isa = PBXBuildFile; fileRef = 8744186F2ABB45FA00233604 /* Pretendard-Bold.otf */; };
		874418792ABB45FB00233604 /* Pretendard-Regular.otf in Resources */ = {isa = PBXBuildFile; fileRef = 874418702ABB45FB00233604 /* Pretendard-Regular.otf */; };
		8744187A2ABB45FB00233604 /* Pretendard-SemiBold.otf in Resources */ = {isa = PBXBuildFile; fileRef = 874418712ABB45FB00233604 /* Pretendard-SemiBold.otf */; };
		8744187D2ABB5CFD00233604 /* LogTextView.swift in Sources */ = {isa = PBXBuildFile; fileRef = 8744187C2ABB5CFD00233604 /* LogTextView.swift */; };
		87612BCD2ADAEF36008A4F42 /* TextfieldContentView.swift in Sources */ = {isa = PBXBuildFile; fileRef = 87612BCC2ADAEF36008A4F42 /* TextfieldContentView.swift */; };
		8777A7DB2A9B9D9A005526D1 /* Setting.storyboard in Resources */ = {isa = PBXBuildFile; fileRef = 8777A7DA2A9B9D9A005526D1 /* Setting.storyboard */; };
		8777A7E92A9BBDAE005526D1 /* BookmarkViewController.swift in Sources */ = {isa = PBXBuildFile; fileRef = 8777A7E82A9BBDAE005526D1 /* BookmarkViewController.swift */; };
		8777A7EB2A9BBEBE005526D1 /* LanguageViewController.swift in Sources */ = {isa = PBXBuildFile; fileRef = 8777A7EA2A9BBEBE005526D1 /* LanguageViewController.swift */; };
		8777A7ED2A9BBED5005526D1 /* ThemeViewController.swift in Sources */ = {isa = PBXBuildFile; fileRef = 8777A7EC2A9BBED5005526D1 /* ThemeViewController.swift */; };
		877DAC912A7AD46C00AE3038 /* AppDelegate.swift in Sources */ = {isa = PBXBuildFile; fileRef = 877DAC902A7AD46C00AE3038 /* AppDelegate.swift */; };
		877DAC932A7AD46C00AE3038 /* SceneDelegate.swift in Sources */ = {isa = PBXBuildFile; fileRef = 877DAC922A7AD46C00AE3038 /* SceneDelegate.swift */; };
		877DAC982A7AD46C00AE3038 /* Main.storyboard in Resources */ = {isa = PBXBuildFile; fileRef = 877DAC962A7AD46C00AE3038 /* Main.storyboard */; };
		877DAC9A2A7AD46D00AE3038 /* Assets.xcassets in Resources */ = {isa = PBXBuildFile; fileRef = 877DAC992A7AD46D00AE3038 /* Assets.xcassets */; };
		877DAC9D2A7AD46D00AE3038 /* LaunchScreen.storyboard in Resources */ = {isa = PBXBuildFile; fileRef = 877DAC9B2A7AD46D00AE3038 /* LaunchScreen.storyboard */; };
		878864D22A8E73A6008340E2 /* MainTabBarController.swift in Sources */ = {isa = PBXBuildFile; fileRef = 878864D12A8E73A6008340E2 /* MainTabBarController.swift */; };
		878864D42A8E745D008340E2 /* Extension.swift in Sources */ = {isa = PBXBuildFile; fileRef = 878864D32A8E745D008340E2 /* Extension.swift */; };
		87909E862AA4B49B005D5351 /* SettingMenuCell.swift in Sources */ = {isa = PBXBuildFile; fileRef = 87909E852AA4B49B005D5351 /* SettingMenuCell.swift */; };
		87909E882AA4CA4B005D5351 /* SettingViewController+TableViewController.swift in Sources */ = {isa = PBXBuildFile; fileRef = 87909E872AA4CA4B005D5351 /* SettingViewController+TableViewController.swift */; };
		879BD0752AD45C0E00ED7C77 /* SoundDateDatabase.swift in Sources */ = {isa = PBXBuildFile; fileRef = 879BD0742AD45C0E00ED7C77 /* SoundDateDatabase.swift */; };
		879BD0772AD45DF300ED7C77 /* CalendarDelegate.swift in Sources */ = {isa = PBXBuildFile; fileRef = 879BD0762AD45DF300ED7C77 /* CalendarDelegate.swift */; };
		87B143F82AE6B3DF00EDF23F /* MapViewController.swift in Sources */ = {isa = PBXBuildFile; fileRef = 87B143F72AE6B3DF00EDF23F /* MapViewController.swift */; };
		87B143FA2AE6B3EC00EDF23F /* SharedDelegate.swift in Sources */ = {isa = PBXBuildFile; fileRef = 87B143F92AE6B3EC00EDF23F /* SharedDelegate.swift */; };
		87BB609F2AD72B2B00B9428D /* LocationService.swift in Sources */ = {isa = PBXBuildFile; fileRef = 87BB609E2AD72B2B00B9428D /* LocationService.swift */; };
		87BFB0582AB8179900CF839A /* GmarketSansBold.otf in Resources */ = {isa = PBXBuildFile; fileRef = 87BFB0552AB8179900CF839A /* GmarketSansBold.otf */; };
		87BFB0592AB8179900CF839A /* GmarketSansLight.otf in Resources */ = {isa = PBXBuildFile; fileRef = 87BFB0562AB8179900CF839A /* GmarketSansLight.otf */; };
		87BFB05A2AB8179900CF839A /* GmarketSansMedium.otf in Resources */ = {isa = PBXBuildFile; fileRef = 87BFB0572AB8179900CF839A /* GmarketSansMedium.otf */; };
		87DB259F2A8D421E00EE0CE4 /* startEnter.storyboard in Resources */ = {isa = PBXBuildFile; fileRef = 87DB259E2A8D421E00EE0CE4 /* startEnter.storyboard */; };
		87E3EBC72A937A7F00D14093 /* HomeViewController.swift in Sources */ = {isa = PBXBuildFile; fileRef = 87E3EBC62A937A7F00D14093 /* HomeViewController.swift */; };
		87E94C5D2AEBE5B3007DD30C /* GmarketSansTTFBold.ttf in Resources */ = {isa = PBXBuildFile; fileRef = 87E94C5A2AEBE5B3007DD30C /* GmarketSansTTFBold.ttf */; };
		87E94C5E2AEBE5B3007DD30C /* GmarketSansTTFMedium.ttf in Resources */ = {isa = PBXBuildFile; fileRef = 87E94C5B2AEBE5B3007DD30C /* GmarketSansTTFMedium.ttf */; };
		87E94C5F2AEBE5B3007DD30C /* GmarketSansTTFLight.ttf in Resources */ = {isa = PBXBuildFile; fileRef = 87E94C5C2AEBE5B3007DD30C /* GmarketSansTTFLight.ttf */; };
		87E9769E2A8D4BEA00756C18 /* StartViewController.swift in Sources */ = {isa = PBXBuildFile; fileRef = 87E9769D2A8D4BEA00756C18 /* StartViewController.swift */; };
		87EE460D2AD7D651008E553F /* UIView+BackgroundView.swift in Sources */ = {isa = PBXBuildFile; fileRef = 87EE460C2AD7D651008E553F /* UIView+BackgroundView.swift */; };
/* End PBXBuildFile section */

/* Begin PBXFileReference section */
		871D0EFD2A971F310097D6F1 /* SoundLogViewController.swift */ = {isa = PBXFileReference; lastKnownFileType = sourcecode.swift; path = SoundLogViewController.swift; sourceTree = "<group>"; };
		8731316C2A9CE26700E8B645 /* SettingViewController.swift */ = {isa = PBXFileReference; lastKnownFileType = sourcecode.swift; path = SettingViewController.swift; sourceTree = "<group>"; };
		8744185C2AB8966200233604 /* RecordingSound.storyboard */ = {isa = PBXFileReference; lastKnownFileType = file.storyboard; path = RecordingSound.storyboard; sourceTree = "<group>"; };
		8744185E2AB96F8F00233604 /* Shazam.storyboard */ = {isa = PBXFileReference; lastKnownFileType = file.storyboard; path = Shazam.storyboard; sourceTree = "<group>"; };
		874418662ABAD97F00233604 /* RecordingViewController.swift */ = {isa = PBXFileReference; fileEncoding = 4; lastKnownFileType = sourcecode.swift; path = RecordingViewController.swift; sourceTree = "<group>"; };
		874418682ABAD98400233604 /* RecordingViewController+AVFoundation.swift */ = {isa = PBXFileReference; fileEncoding = 4; lastKnownFileType = sourcecode.swift; path = "RecordingViewController+AVFoundation.swift"; sourceTree = "<group>"; };
		8744186A2ABB45F900233604 /* Pretendard-Thin.otf */ = {isa = PBXFileReference; lastKnownFileType = file; path = "Pretendard-Thin.otf"; sourceTree = "<group>"; };
		8744186B2ABB45FA00233604 /* Pretendard-Medium.otf */ = {isa = PBXFileReference; lastKnownFileType = file; path = "Pretendard-Medium.otf"; sourceTree = "<group>"; };
		8744186C2ABB45FA00233604 /* Pretendard-ExtraLight.otf */ = {isa = PBXFileReference; lastKnownFileType = file; path = "Pretendard-ExtraLight.otf"; sourceTree = "<group>"; };
		8744186D2ABB45FA00233604 /* Pretendard-Light.otf */ = {isa = PBXFileReference; lastKnownFileType = file; path = "Pretendard-Light.otf"; sourceTree = "<group>"; };
		8744186E2ABB45FA00233604 /* Pretendard-ExtraBold.otf */ = {isa = PBXFileReference; lastKnownFileType = file; path = "Pretendard-ExtraBold.otf"; sourceTree = "<group>"; };
		8744186F2ABB45FA00233604 /* Pretendard-Bold.otf */ = {isa = PBXFileReference; lastKnownFileType = file; path = "Pretendard-Bold.otf"; sourceTree = "<group>"; };
		874418702ABB45FB00233604 /* Pretendard-Regular.otf */ = {isa = PBXFileReference; lastKnownFileType = file; path = "Pretendard-Regular.otf"; sourceTree = "<group>"; };
		874418712ABB45FB00233604 /* Pretendard-SemiBold.otf */ = {isa = PBXFileReference; lastKnownFileType = file; path = "Pretendard-SemiBold.otf"; sourceTree = "<group>"; };
		8744187C2ABB5CFD00233604 /* LogTextView.swift */ = {isa = PBXFileReference; lastKnownFileType = sourcecode.swift; path = LogTextView.swift; sourceTree = "<group>"; };
		87612BCC2ADAEF36008A4F42 /* TextfieldContentView.swift */ = {isa = PBXFileReference; fileEncoding = 4; lastKnownFileType = sourcecode.swift; path = TextfieldContentView.swift; sourceTree = "<group>"; };
		8777A7DA2A9B9D9A005526D1 /* Setting.storyboard */ = {isa = PBXFileReference; lastKnownFileType = file.storyboard; path = Setting.storyboard; sourceTree = "<group>"; };
		8777A7E82A9BBDAE005526D1 /* BookmarkViewController.swift */ = {isa = PBXFileReference; lastKnownFileType = sourcecode.swift; path = BookmarkViewController.swift; sourceTree = "<group>"; };
		8777A7EA2A9BBEBE005526D1 /* LanguageViewController.swift */ = {isa = PBXFileReference; lastKnownFileType = sourcecode.swift; path = LanguageViewController.swift; sourceTree = "<group>"; };
		8777A7EC2A9BBED5005526D1 /* ThemeViewController.swift */ = {isa = PBXFileReference; lastKnownFileType = sourcecode.swift; path = ThemeViewController.swift; sourceTree = "<group>"; };
		877DAC8D2A7AD46C00AE3038 /* SoundLog.app */ = {isa = PBXFileReference; explicitFileType = wrapper.application; includeInIndex = 0; path = SoundLog.app; sourceTree = BUILT_PRODUCTS_DIR; };
		877DAC902A7AD46C00AE3038 /* AppDelegate.swift */ = {isa = PBXFileReference; lastKnownFileType = sourcecode.swift; path = AppDelegate.swift; sourceTree = "<group>"; };
		877DAC922A7AD46C00AE3038 /* SceneDelegate.swift */ = {isa = PBXFileReference; lastKnownFileType = sourcecode.swift; path = SceneDelegate.swift; sourceTree = "<group>"; };
		877DAC972A7AD46C00AE3038 /* Base */ = {isa = PBXFileReference; lastKnownFileType = file.storyboard; name = Base; path = Base.lproj/Main.storyboard; sourceTree = "<group>"; };
		877DAC992A7AD46D00AE3038 /* Assets.xcassets */ = {isa = PBXFileReference; lastKnownFileType = folder.assetcatalog; path = Assets.xcassets; sourceTree = "<group>"; };
		877DAC9C2A7AD46D00AE3038 /* Base */ = {isa = PBXFileReference; lastKnownFileType = file.storyboard; name = Base; path = Base.lproj/LaunchScreen.storyboard; sourceTree = "<group>"; };
		877DAC9E2A7AD46D00AE3038 /* Info.plist */ = {isa = PBXFileReference; lastKnownFileType = text.plist.xml; path = Info.plist; sourceTree = "<group>"; };
		878864D12A8E73A6008340E2 /* MainTabBarController.swift */ = {isa = PBXFileReference; lastKnownFileType = sourcecode.swift; path = MainTabBarController.swift; sourceTree = "<group>"; };
		878864D32A8E745D008340E2 /* Extension.swift */ = {isa = PBXFileReference; lastKnownFileType = sourcecode.swift; path = Extension.swift; sourceTree = "<group>"; };
		87909E852AA4B49B005D5351 /* SettingMenuCell.swift */ = {isa = PBXFileReference; fileEncoding = 4; lastKnownFileType = sourcecode.swift; path = SettingMenuCell.swift; sourceTree = "<group>"; };
		87909E872AA4CA4B005D5351 /* SettingViewController+TableViewController.swift */ = {isa = PBXFileReference; lastKnownFileType = sourcecode.swift; path = "SettingViewController+TableViewController.swift"; sourceTree = "<group>"; };
		879BD0742AD45C0E00ED7C77 /* SoundDateDatabase.swift */ = {isa = PBXFileReference; lastKnownFileType = sourcecode.swift; path = SoundDateDatabase.swift; sourceTree = "<group>"; };
		879BD0762AD45DF300ED7C77 /* CalendarDelegate.swift */ = {isa = PBXFileReference; lastKnownFileType = sourcecode.swift; path = CalendarDelegate.swift; sourceTree = "<group>"; };
		87B143F72AE6B3DF00EDF23F /* MapViewController.swift */ = {isa = PBXFileReference; fileEncoding = 4; lastKnownFileType = sourcecode.swift; path = MapViewController.swift; sourceTree = "<group>"; };
		87B143F92AE6B3EC00EDF23F /* SharedDelegate.swift */ = {isa = PBXFileReference; fileEncoding = 4; lastKnownFileType = sourcecode.swift; path = SharedDelegate.swift; sourceTree = "<group>"; };
		87BB609E2AD72B2B00B9428D /* LocationService.swift */ = {isa = PBXFileReference; lastKnownFileType = sourcecode.swift; path = LocationService.swift; sourceTree = "<group>"; };
		87BFB0552AB8179900CF839A /* GmarketSansBold.otf */ = {isa = PBXFileReference; lastKnownFileType = file; path = GmarketSansBold.otf; sourceTree = "<group>"; };
		87BFB0562AB8179900CF839A /* GmarketSansLight.otf */ = {isa = PBXFileReference; lastKnownFileType = file; path = GmarketSansLight.otf; sourceTree = "<group>"; };
		87BFB0572AB8179900CF839A /* GmarketSansMedium.otf */ = {isa = PBXFileReference; lastKnownFileType = file; path = GmarketSansMedium.otf; sourceTree = "<group>"; };
		87DB259E2A8D421E00EE0CE4 /* startEnter.storyboard */ = {isa = PBXFileReference; lastKnownFileType = file.storyboard; path = startEnter.storyboard; sourceTree = "<group>"; };
		87E3EBC62A937A7F00D14093 /* HomeViewController.swift */ = {isa = PBXFileReference; lastKnownFileType = sourcecode.swift; path = HomeViewController.swift; sourceTree = "<group>"; };
		87E94C5A2AEBE5B3007DD30C /* GmarketSansTTFBold.ttf */ = {isa = PBXFileReference; lastKnownFileType = file; path = GmarketSansTTFBold.ttf; sourceTree = "<group>"; };
		87E94C5B2AEBE5B3007DD30C /* GmarketSansTTFMedium.ttf */ = {isa = PBXFileReference; lastKnownFileType = file; path = GmarketSansTTFMedium.ttf; sourceTree = "<group>"; };
		87E94C5C2AEBE5B3007DD30C /* GmarketSansTTFLight.ttf */ = {isa = PBXFileReference; lastKnownFileType = file; path = GmarketSansTTFLight.ttf; sourceTree = "<group>"; };
		87E9769D2A8D4BEA00756C18 /* StartViewController.swift */ = {isa = PBXFileReference; lastKnownFileType = sourcecode.swift; path = StartViewController.swift; sourceTree = "<group>"; };
		87EE460C2AD7D651008E553F /* UIView+BackgroundView.swift */ = {isa = PBXFileReference; lastKnownFileType = sourcecode.swift; path = "UIView+BackgroundView.swift"; sourceTree = "<group>"; };
/* End PBXFileReference section */

/* Begin PBXFrameworksBuildPhase section */
		877DAC8A2A7AD46C00AE3038 /* Frameworks */ = {
			isa = PBXFrameworksBuildPhase;
			buildActionMask = 2147483647;
			files = (
				8708D6BB2A9F86E70000CAC5 /* SnapKit in Frameworks */,
			);
			runOnlyForDeploymentPostprocessing = 0;
		};
/* End PBXFrameworksBuildPhase section */

/* Begin PBXGroup section */
		8708D6BC2A9F88330000CAC5 /* cell */ = {
			isa = PBXGroup;
			children = (
				87909E852AA4B49B005D5351 /* SettingMenuCell.swift */,
			);
			path = cell;
			sourceTree = "<group>";
		};
		8777A7E62A9BBCD3005526D1 /* SettingsScene */ = {
			isa = PBXGroup;
			children = (
				87BFB0622AB830FD00CF839A /* View */,
				8708D6BC2A9F88330000CAC5 /* cell */,
				8777A7E72A9BBCF7005526D1 /* SettingMenus */,
				8731316C2A9CE26700E8B645 /* SettingViewController.swift */,
				87909E872AA4CA4B005D5351 /* SettingViewController+TableViewController.swift */,
			);
			path = SettingsScene;
			sourceTree = "<group>";
		};
		8777A7E72A9BBCF7005526D1 /* SettingMenus */ = {
			isa = PBXGroup;
			children = (
				8777A7E82A9BBDAE005526D1 /* BookmarkViewController.swift */,
				8777A7EA2A9BBEBE005526D1 /* LanguageViewController.swift */,
				8777A7EC2A9BBED5005526D1 /* ThemeViewController.swift */,
			);
			path = SettingMenus;
			sourceTree = "<group>";
		};
		877DAC842A7AD46C00AE3038 = {
			isa = PBXGroup;
			children = (
				877DAC8F2A7AD46C00AE3038 /* SoundLog */,
				877DAC8E2A7AD46C00AE3038 /* Products */,
			);
			sourceTree = "<group>";
		};
		877DAC8E2A7AD46C00AE3038 /* Products */ = {
			isa = PBXGroup;
			children = (
				877DAC8D2A7AD46C00AE3038 /* SoundLog.app */,
			);
			name = Products;
			sourceTree = "<group>";
		};
		877DAC8F2A7AD46C00AE3038 /* SoundLog */ = {
			isa = PBXGroup;
			children = (
				87BB609D2AD72B1A00B9428D /* Service */,
				87BFB05F2AB82BDE00CF839A /* Applications */,
				87BFB05E2AB82B9800CF839A /* Presentation */,
				87BFB0632AB8316600CF839A /* Commons */,
				877DACA42A7ADC9100AE3038 /* Resources */,
			);
			path = SoundLog;
			sourceTree = "<group>";
		};
		877DACA42A7ADC9100AE3038 /* Resources */ = {
			isa = PBXGroup;
			children = (
				877DAC992A7AD46D00AE3038 /* Assets.xcassets */,
				877DAC9B2A7AD46D00AE3038 /* LaunchScreen.storyboard */,
				877DAC9E2A7AD46D00AE3038 /* Info.plist */,
				877DACAB2A7ADDA900AE3038 /* Fonts */,
			);
			path = Resources;
			sourceTree = "<group>";
		};
		877DACAB2A7ADDA900AE3038 /* Fonts */ = {
			isa = PBXGroup;
			children = (
				8744186F2ABB45FA00233604 /* Pretendard-Bold.otf */,
				8744186E2ABB45FA00233604 /* Pretendard-ExtraBold.otf */,
				8744186C2ABB45FA00233604 /* Pretendard-ExtraLight.otf */,
				8744186D2ABB45FA00233604 /* Pretendard-Light.otf */,
				8744186B2ABB45FA00233604 /* Pretendard-Medium.otf */,
				874418702ABB45FB00233604 /* Pretendard-Regular.otf */,
				874418712ABB45FB00233604 /* Pretendard-SemiBold.otf */,
				8744186A2ABB45F900233604 /* Pretendard-Thin.otf */,
				87BFB0552AB8179900CF839A /* GmarketSansBold.otf */,
				87BFB0562AB8179900CF839A /* GmarketSansLight.otf */,
				87BFB0572AB8179900CF839A /* GmarketSansMedium.otf */,
				87E94C5A2AEBE5B3007DD30C /* GmarketSansTTFBold.ttf */,
				87E94C5C2AEBE5B3007DD30C /* GmarketSansTTFLight.ttf */,
				87E94C5B2AEBE5B3007DD30C /* GmarketSansTTFMedium.ttf */,
			);
			path = Fonts;
			sourceTree = "<group>";
		};
		87BB609D2AD72B1A00B9428D /* Service */ = {
			isa = PBXGroup;
			children = (
				87BB609E2AD72B2B00B9428D /* LocationService.swift */,
			);
			path = Service;
			sourceTree = "<group>";
		};
		87BFB05B2AB82A7300CF839A /* ShazamScene */ = {
			isa = PBXGroup;
			children = (
				8744185E2AB96F8F00233604 /* Shazam.storyboard */,
			);
			path = ShazamScene;
			sourceTree = "<group>";
		};
		87BFB05C2AB82A7A00CF839A /* HomeScene */ = {
			isa = PBXGroup;
			children = (
				87E3EBC62A937A7F00D14093 /* HomeViewController.swift */,
				879BD0742AD45C0E00ED7C77 /* SoundDateDatabase.swift */,
				879BD0762AD45DF300ED7C77 /* CalendarDelegate.swift */,
			);
			path = HomeScene;
			sourceTree = "<group>";
		};
		87BFB05E2AB82B9800CF839A /* Presentation */ = {
			isa = PBXGroup;
			children = (
				87DB259E2A8D421E00EE0CE4 /* startEnter.storyboard */,
				877DAC962A7AD46C00AE3038 /* Main.storyboard */,
				878864D12A8E73A6008340E2 /* MainTabBarController.swift */,
				87E9769D2A8D4BEA00756C18 /* StartViewController.swift */,
				87BFB0602AB82F4100CF839A /* RecordingLogScene */,
				87BFB05C2AB82A7A00CF839A /* HomeScene */,
				87BFB05B2AB82A7300CF839A /* ShazamScene */,
				8777A7E62A9BBCD3005526D1 /* SettingsScene */,
				87EE460B2AD7D614008E553F /* ContentViews */,
			);
			path = Presentation;
			sourceTree = "<group>";
		};
		87BFB05F2AB82BDE00CF839A /* Applications */ = {
			isa = PBXGroup;
			children = (
				877DAC902A7AD46C00AE3038 /* AppDelegate.swift */,
				877DAC922A7AD46C00AE3038 /* SceneDelegate.swift */,
			);
			path = Applications;
			sourceTree = "<group>";
		};
		87BFB0602AB82F4100CF839A /* RecordingLogScene */ = {
			isa = PBXGroup;
			children = (
				87BFB0612AB830ED00CF839A /* View */,
				871D0EFD2A971F310097D6F1 /* SoundLogViewController.swift */,
				874418662ABAD97F00233604 /* RecordingViewController.swift */,
				87B143F72AE6B3DF00EDF23F /* MapViewController.swift */,
				87B143F92AE6B3EC00EDF23F /* SharedDelegate.swift */,
				874418682ABAD98400233604 /* RecordingViewController+AVFoundation.swift */,
			);
			path = RecordingLogScene;
			sourceTree = "<group>";
		};
		87BFB0612AB830ED00CF839A /* View */ = {
			isa = PBXGroup;
			children = (
				8744185C2AB8966200233604 /* RecordingSound.storyboard */,
				8744187C2ABB5CFD00233604 /* LogTextView.swift */,
			);
			path = View;
			sourceTree = "<group>";
		};
		87BFB0622AB830FD00CF839A /* View */ = {
			isa = PBXGroup;
			children = (
				8777A7DA2A9B9D9A005526D1 /* Setting.storyboard */,
			);
			path = View;
			sourceTree = "<group>";
		};
		87BFB0632AB8316600CF839A /* Commons */ = {
			isa = PBXGroup;
			children = (
				878864D32A8E745D008340E2 /* Extension.swift */,
			);
			path = Commons;
			sourceTree = "<group>";
		};
		87EE460B2AD7D614008E553F /* ContentViews */ = {
			isa = PBXGroup;
			children = (
				87EE460C2AD7D651008E553F /* UIView+BackgroundView.swift */,
				87612BCC2ADAEF36008A4F42 /* TextfieldContentView.swift */,
			);
			path = ContentViews;
			sourceTree = "<group>";
		};
/* End PBXGroup section */

/* Begin PBXNativeTarget section */
		877DAC8C2A7AD46C00AE3038 /* SoundLog */ = {
			isa = PBXNativeTarget;
			buildConfigurationList = 877DACA12A7AD46D00AE3038 /* Build configuration list for PBXNativeTarget "SoundLog" */;
			buildPhases = (
				877DAC892A7AD46C00AE3038 /* Sources */,
				877DAC8A2A7AD46C00AE3038 /* Frameworks */,
				877DAC8B2A7AD46C00AE3038 /* Resources */,
			);
			buildRules = (
			);
			dependencies = (
			);
			name = SoundLog;
			packageProductDependencies = (
				8708D6BA2A9F86E70000CAC5 /* SnapKit */,
			);
			productName = OmyAk;
			productReference = 877DAC8D2A7AD46C00AE3038 /* SoundLog.app */;
			productType = "com.apple.product-type.application";
		};
/* End PBXNativeTarget section */

/* Begin PBXProject section */
		877DAC852A7AD46C00AE3038 /* Project object */ = {
			isa = PBXProject;
			attributes = {
				BuildIndependentTargetsInParallel = 1;
				LastSwiftUpdateCheck = 1430;
				LastUpgradeCheck = 1430;
				TargetAttributes = {
					877DAC8C2A7AD46C00AE3038 = {
						CreatedOnToolsVersion = 14.3.1;
					};
				};
			};
			buildConfigurationList = 877DAC882A7AD46C00AE3038 /* Build configuration list for PBXProject "SoundLog" */;
			compatibilityVersion = "Xcode 14.0";
			developmentRegion = en;
			hasScannedForEncodings = 0;
			knownRegions = (
				en,
				Base,
			);
			mainGroup = 877DAC842A7AD46C00AE3038;
			packageReferences = (
				8708D6B92A9F86E70000CAC5 /* XCRemoteSwiftPackageReference "SnapKit" */,
			);
			productRefGroup = 877DAC8E2A7AD46C00AE3038 /* Products */;
			projectDirPath = "";
			projectRoot = "";
			targets = (
				877DAC8C2A7AD46C00AE3038 /* SoundLog */,
			);
		};
/* End PBXProject section */

/* Begin PBXResourcesBuildPhase section */
		877DAC8B2A7AD46C00AE3038 /* Resources */ = {
			isa = PBXResourcesBuildPhase;
			buildActionMask = 2147483647;
			files = (
				877DAC982A7AD46C00AE3038 /* Main.storyboard in Resources */,
				87DB259F2A8D421E00EE0CE4 /* startEnter.storyboard in Resources */,
				8744185F2AB96F8F00233604 /* Shazam.storyboard in Resources */,
				8744185D2AB8966200233604 /* RecordingSound.storyboard in Resources */,
				874418782ABB45FB00233604 /* Pretendard-Bold.otf in Resources */,
				874418772ABB45FB00233604 /* Pretendard-ExtraBold.otf in Resources */,
				874418752ABB45FB00233604 /* Pretendard-ExtraLight.otf in Resources */,
				874418792ABB45FB00233604 /* Pretendard-Regular.otf in Resources */,
				874418742ABB45FB00233604 /* Pretendard-Medium.otf in Resources */,
				874418732ABB45FB00233604 /* Pretendard-Thin.otf in Resources */,
				874418762ABB45FB00233604 /* Pretendard-Light.otf in Resources */,
				8744187A2ABB45FB00233604 /* Pretendard-SemiBold.otf in Resources */,
				87BFB0592AB8179900CF839A /* GmarketSansLight.otf in Resources */,
				87E94C5D2AEBE5B3007DD30C /* GmarketSansTTFBold.ttf in Resources */,
				87BFB0582AB8179900CF839A /* GmarketSansBold.otf in Resources */,
				87E94C5F2AEBE5B3007DD30C /* GmarketSansTTFLight.ttf in Resources */,
				87BFB05A2AB8179900CF839A /* GmarketSansMedium.otf in Resources */,
				877DAC9D2A7AD46D00AE3038 /* LaunchScreen.storyboard in Resources */,
				877DAC9A2A7AD46D00AE3038 /* Assets.xcassets in Resources */,
				8777A7DB2A9B9D9A005526D1 /* Setting.storyboard in Resources */,
				87E94C5E2AEBE5B3007DD30C /* GmarketSansTTFMedium.ttf in Resources */,
			);
			runOnlyForDeploymentPostprocessing = 0;
		};
/* End PBXResourcesBuildPhase section */

/* Begin PBXSourcesBuildPhase section */
		877DAC892A7AD46C00AE3038 /* Sources */ = {
			isa = PBXSourcesBuildPhase;
			buildActionMask = 2147483647;
			files = (
				879BD0772AD45DF300ED7C77 /* CalendarDelegate.swift in Sources */,
				87BB609F2AD72B2B00B9428D /* LocationService.swift in Sources */,
				8777A7EB2A9BBEBE005526D1 /* LanguageViewController.swift in Sources */,
				877DAC912A7AD46C00AE3038 /* AppDelegate.swift in Sources */,
				877DAC932A7AD46C00AE3038 /* SceneDelegate.swift in Sources */,
				87612BCD2ADAEF36008A4F42 /* TextfieldContentView.swift in Sources */,
				878864D42A8E745D008340E2 /* Extension.swift in Sources */,
				87E9769E2A8D4BEA00756C18 /* StartViewController.swift in Sources */,
				87B143FA2AE6B3EC00EDF23F /* SharedDelegate.swift in Sources */,
				87B143F82AE6B3DF00EDF23F /* MapViewController.swift in Sources */,
				874418672ABAD97F00233604 /* RecordingViewController.swift in Sources */,
				87909E862AA4B49B005D5351 /* SettingMenuCell.swift in Sources */,
				879BD0752AD45C0E00ED7C77 /* SoundDateDatabase.swift in Sources */,
				878864D22A8E73A6008340E2 /* MainTabBarController.swift in Sources */,
				8744187D2ABB5CFD00233604 /* LogTextView.swift in Sources */,
				8777A7ED2A9BBED5005526D1 /* ThemeViewController.swift in Sources */,
				8731316D2A9CE26700E8B645 /* SettingViewController.swift in Sources */,
				87909E882AA4CA4B005D5351 /* SettingViewController+TableViewController.swift in Sources */,
				874418692ABAD98400233604 /* RecordingViewController+AVFoundation.swift in Sources */,
				87EE460D2AD7D651008E553F /* UIView+BackgroundView.swift in Sources */,
				8777A7E92A9BBDAE005526D1 /* BookmarkViewController.swift in Sources */,
				871D0EFE2A971F310097D6F1 /* SoundLogViewController.swift in Sources */,
				87E3EBC72A937A7F00D14093 /* HomeViewController.swift in Sources */,
			);
			runOnlyForDeploymentPostprocessing = 0;
		};
/* End PBXSourcesBuildPhase section */

/* Begin PBXVariantGroup section */
		877DAC962A7AD46C00AE3038 /* Main.storyboard */ = {
			isa = PBXVariantGroup;
			children = (
				877DAC972A7AD46C00AE3038 /* Base */,
			);
			name = Main.storyboard;
			sourceTree = "<group>";
		};
		877DAC9B2A7AD46D00AE3038 /* LaunchScreen.storyboard */ = {
			isa = PBXVariantGroup;
			children = (
				877DAC9C2A7AD46D00AE3038 /* Base */,
			);
			name = LaunchScreen.storyboard;
			sourceTree = "<group>";
		};
/* End PBXVariantGroup section */

/* Begin XCBuildConfiguration section */
		877DAC9F2A7AD46D00AE3038 /* Debug */ = {
			isa = XCBuildConfiguration;
			buildSettings = {
				ALWAYS_SEARCH_USER_PATHS = NO;
				CLANG_ANALYZER_NONNULL = YES;
				CLANG_ANALYZER_NUMBER_OBJECT_CONVERSION = YES_AGGRESSIVE;
				CLANG_CXX_LANGUAGE_STANDARD = "gnu++20";
				CLANG_ENABLE_MODULES = YES;
				CLANG_ENABLE_OBJC_ARC = YES;
				CLANG_ENABLE_OBJC_WEAK = YES;
				CLANG_WARN_BLOCK_CAPTURE_AUTORELEASING = YES;
				CLANG_WARN_BOOL_CONVERSION = YES;
				CLANG_WARN_COMMA = YES;
				CLANG_WARN_CONSTANT_CONVERSION = YES;
				CLANG_WARN_DEPRECATED_OBJC_IMPLEMENTATIONS = YES;
				CLANG_WARN_DIRECT_OBJC_ISA_USAGE = YES_ERROR;
				CLANG_WARN_DOCUMENTATION_COMMENTS = YES;
				CLANG_WARN_EMPTY_BODY = YES;
				CLANG_WARN_ENUM_CONVERSION = YES;
				CLANG_WARN_INFINITE_RECURSION = YES;
				CLANG_WARN_INT_CONVERSION = YES;
				CLANG_WARN_NON_LITERAL_NULL_CONVERSION = YES;
				CLANG_WARN_OBJC_IMPLICIT_RETAIN_SELF = YES;
				CLANG_WARN_OBJC_LITERAL_CONVERSION = YES;
				CLANG_WARN_OBJC_ROOT_CLASS = YES_ERROR;
				CLANG_WARN_QUOTED_INCLUDE_IN_FRAMEWORK_HEADER = YES;
				CLANG_WARN_RANGE_LOOP_ANALYSIS = YES;
				CLANG_WARN_STRICT_PROTOTYPES = YES;
				CLANG_WARN_SUSPICIOUS_MOVE = YES;
				CLANG_WARN_UNGUARDED_AVAILABILITY = YES_AGGRESSIVE;
				CLANG_WARN_UNREACHABLE_CODE = YES;
				CLANG_WARN__DUPLICATE_METHOD_MATCH = YES;
				COPY_PHASE_STRIP = NO;
				DEBUG_INFORMATION_FORMAT = dwarf;
				ENABLE_STRICT_OBJC_MSGSEND = YES;
				ENABLE_TESTABILITY = YES;
				GCC_C_LANGUAGE_STANDARD = gnu11;
				GCC_DYNAMIC_NO_PIC = NO;
				GCC_NO_COMMON_BLOCKS = YES;
				GCC_OPTIMIZATION_LEVEL = 0;
				GCC_PREPROCESSOR_DEFINITIONS = (
					"DEBUG=1",
					"$(inherited)",
				);
				GCC_WARN_64_TO_32_BIT_CONVERSION = YES;
				GCC_WARN_ABOUT_RETURN_TYPE = YES_ERROR;
				GCC_WARN_UNDECLARED_SELECTOR = YES;
				GCC_WARN_UNINITIALIZED_AUTOS = YES_AGGRESSIVE;
				GCC_WARN_UNUSED_FUNCTION = YES;
				GCC_WARN_UNUSED_VARIABLE = YES;
				INFOPLIST_KEY_UIUserInterfaceStyle = Light;
				IPHONEOS_DEPLOYMENT_TARGET = 16.4;
				MTL_ENABLE_DEBUG_INFO = INCLUDE_SOURCE;
				MTL_FAST_MATH = YES;
				NEW_SETTING = "";
				ONLY_ACTIVE_ARCH = YES;
				SDKROOT = iphoneos;
				SWIFT_ACTIVE_COMPILATION_CONDITIONS = DEBUG;
				SWIFT_OPTIMIZATION_LEVEL = "-Onone";
			};
			name = Debug;
		};
		877DACA02A7AD46D00AE3038 /* Release */ = {
			isa = XCBuildConfiguration;
			buildSettings = {
				ALWAYS_SEARCH_USER_PATHS = NO;
				CLANG_ANALYZER_NONNULL = YES;
				CLANG_ANALYZER_NUMBER_OBJECT_CONVERSION = YES_AGGRESSIVE;
				CLANG_CXX_LANGUAGE_STANDARD = "gnu++20";
				CLANG_ENABLE_MODULES = YES;
				CLANG_ENABLE_OBJC_ARC = YES;
				CLANG_ENABLE_OBJC_WEAK = YES;
				CLANG_WARN_BLOCK_CAPTURE_AUTORELEASING = YES;
				CLANG_WARN_BOOL_CONVERSION = YES;
				CLANG_WARN_COMMA = YES;
				CLANG_WARN_CONSTANT_CONVERSION = YES;
				CLANG_WARN_DEPRECATED_OBJC_IMPLEMENTATIONS = YES;
				CLANG_WARN_DIRECT_OBJC_ISA_USAGE = YES_ERROR;
				CLANG_WARN_DOCUMENTATION_COMMENTS = YES;
				CLANG_WARN_EMPTY_BODY = YES;
				CLANG_WARN_ENUM_CONVERSION = YES;
				CLANG_WARN_INFINITE_RECURSION = YES;
				CLANG_WARN_INT_CONVERSION = YES;
				CLANG_WARN_NON_LITERAL_NULL_CONVERSION = YES;
				CLANG_WARN_OBJC_IMPLICIT_RETAIN_SELF = YES;
				CLANG_WARN_OBJC_LITERAL_CONVERSION = YES;
				CLANG_WARN_OBJC_ROOT_CLASS = YES_ERROR;
				CLANG_WARN_QUOTED_INCLUDE_IN_FRAMEWORK_HEADER = YES;
				CLANG_WARN_RANGE_LOOP_ANALYSIS = YES;
				CLANG_WARN_STRICT_PROTOTYPES = YES;
				CLANG_WARN_SUSPICIOUS_MOVE = YES;
				CLANG_WARN_UNGUARDED_AVAILABILITY = YES_AGGRESSIVE;
				CLANG_WARN_UNREACHABLE_CODE = YES;
				CLANG_WARN__DUPLICATE_METHOD_MATCH = YES;
				COPY_PHASE_STRIP = NO;
				DEBUG_INFORMATION_FORMAT = "dwarf-with-dsym";
				ENABLE_NS_ASSERTIONS = NO;
				ENABLE_STRICT_OBJC_MSGSEND = YES;
				GCC_C_LANGUAGE_STANDARD = gnu11;
				GCC_NO_COMMON_BLOCKS = YES;
				GCC_WARN_64_TO_32_BIT_CONVERSION = YES;
				GCC_WARN_ABOUT_RETURN_TYPE = YES_ERROR;
				GCC_WARN_UNDECLARED_SELECTOR = YES;
				GCC_WARN_UNINITIALIZED_AUTOS = YES_AGGRESSIVE;
				GCC_WARN_UNUSED_FUNCTION = YES;
				GCC_WARN_UNUSED_VARIABLE = YES;
				INFOPLIST_KEY_UIUserInterfaceStyle = Light;
				IPHONEOS_DEPLOYMENT_TARGET = 16.4;
				MTL_ENABLE_DEBUG_INFO = NO;
				MTL_FAST_MATH = YES;
				NEW_SETTING = "";
				SDKROOT = iphoneos;
				SWIFT_COMPILATION_MODE = wholemodule;
				SWIFT_OPTIMIZATION_LEVEL = "-O";
				VALIDATE_PRODUCT = YES;
			};
			name = Release;
		};
		877DACA22A7AD46D00AE3038 /* Debug */ = {
			isa = XCBuildConfiguration;
			buildSettings = {
				ASSETCATALOG_COMPILER_APPICON_NAME = AppIcon;
				ASSETCATALOG_COMPILER_GLOBAL_ACCENT_COLOR_NAME = AccentColor;
				CODE_SIGN_STYLE = Automatic;
				CURRENT_PROJECT_VERSION = 1;
				DEVELOPMENT_TEAM = 2P5FNS3JAJ;
				GENERATE_INFOPLIST_FILE = YES;
				INFOPLIST_FILE = SoundLog/Resources/Info.plist;
				INFOPLIST_KEY_NSLocationWhenInUseUsageDescription = "위치를 등록하려면 사용자의 위치 권한을 허용해야합니다.";
				INFOPLIST_KEY_NSMicrophoneUsageDescription = "녹음을 기록하려면 마이크 사용 허용해야합니다.";
				INFOPLIST_KEY_UIApplicationSupportsIndirectInputEvents = YES;
				INFOPLIST_KEY_UILaunchStoryboardName = LaunchScreen;
				INFOPLIST_KEY_UIMainStoryboardFile = Main;
				INFOPLIST_KEY_UISupportedInterfaceOrientations_iPad = "UIInterfaceOrientationPortrait UIInterfaceOrientationPortraitUpsideDown UIInterfaceOrientationLandscapeLeft UIInterfaceOrientationLandscapeRight";
				INFOPLIST_KEY_UISupportedInterfaceOrientations_iPhone = "UIInterfaceOrientationPortrait UIInterfaceOrientationLandscapeLeft UIInterfaceOrientationLandscapeRight";
				INFOPLIST_KEY_UIUserInterfaceStyle = Light;
				IPHONEOS_DEPLOYMENT_TARGET = 16.4;
				LD_RUNPATH_SEARCH_PATHS = (
					"$(inherited)",
					"@executable_path/Frameworks",
				);
				MARKETING_VERSION = 1.0;
				PRODUCT_BUNDLE_IDENTIFIER = com.seohyun.iOSApp.SoundLog;
				PRODUCT_NAME = "$(TARGET_NAME)";
				SWIFT_EMIT_LOC_STRINGS = YES;
				SWIFT_VERSION = 5.0;
				TARGETED_DEVICE_FAMILY = "1,2";
			};
			name = Debug;
		};
		877DACA32A7AD46D00AE3038 /* Release */ = {
			isa = XCBuildConfiguration;
			buildSettings = {
				ASSETCATALOG_COMPILER_APPICON_NAME = AppIcon;
				ASSETCATALOG_COMPILER_GLOBAL_ACCENT_COLOR_NAME = AccentColor;
				CODE_SIGN_STYLE = Automatic;
				CURRENT_PROJECT_VERSION = 1;
				DEVELOPMENT_TEAM = 2P5FNS3JAJ;
				GENERATE_INFOPLIST_FILE = YES;
				INFOPLIST_FILE = SoundLog/Resources/Info.plist;
				INFOPLIST_KEY_NSLocationWhenInUseUsageDescription = "위치를 등록하려면 사용자의 위치 권한을 허용해야합니다.";
				INFOPLIST_KEY_NSMicrophoneUsageDescription = "녹음을 기록하려면 마이크 사용 허용해야합니다.";
				INFOPLIST_KEY_UIApplicationSupportsIndirectInputEvents = YES;
				INFOPLIST_KEY_UILaunchStoryboardName = LaunchScreen;
				INFOPLIST_KEY_UIMainStoryboardFile = Main;
				INFOPLIST_KEY_UISupportedInterfaceOrientations_iPad = "UIInterfaceOrientationPortrait UIInterfaceOrientationPortraitUpsideDown UIInterfaceOrientationLandscapeLeft UIInterfaceOrientationLandscapeRight";
				INFOPLIST_KEY_UISupportedInterfaceOrientations_iPhone = "UIInterfaceOrientationPortrait UIInterfaceOrientationLandscapeLeft UIInterfaceOrientationLandscapeRight";
				INFOPLIST_KEY_UIUserInterfaceStyle = Light;
				IPHONEOS_DEPLOYMENT_TARGET = 16.4;
				LD_RUNPATH_SEARCH_PATHS = (
					"$(inherited)",
					"@executable_path/Frameworks",
				);
				MARKETING_VERSION = 1.0;
				PRODUCT_BUNDLE_IDENTIFIER = com.seohyun.iOSApp.SoundLog;
				PRODUCT_NAME = "$(TARGET_NAME)";
				SWIFT_EMIT_LOC_STRINGS = YES;
				SWIFT_VERSION = 5.0;
				TARGETED_DEVICE_FAMILY = "1,2";
			};
			name = Release;
		};
/* End XCBuildConfiguration section */

/* Begin XCConfigurationList section */
		877DAC882A7AD46C00AE3038 /* Build configuration list for PBXProject "SoundLog" */ = {
			isa = XCConfigurationList;
			buildConfigurations = (
				877DAC9F2A7AD46D00AE3038 /* Debug */,
				877DACA02A7AD46D00AE3038 /* Release */,
			);
			defaultConfigurationIsVisible = 0;
			defaultConfigurationName = Release;
		};
		877DACA12A7AD46D00AE3038 /* Build configuration list for PBXNativeTarget "SoundLog" */ = {
			isa = XCConfigurationList;
			buildConfigurations = (
				877DACA22A7AD46D00AE3038 /* Debug */,
				877DACA32A7AD46D00AE3038 /* Release */,
			);
			defaultConfigurationIsVisible = 0;
			defaultConfigurationName = Release;
		};
/* End XCConfigurationList section */

/* Begin XCRemoteSwiftPackageReference section */
		8708D6B92A9F86E70000CAC5 /* XCRemoteSwiftPackageReference "SnapKit" */ = {
			isa = XCRemoteSwiftPackageReference;
			repositoryURL = "https://github.com/SnapKit/SnapKit.git";
			requirement = {
				kind = upToNextMajorVersion;
				minimumVersion = 5.0.0;
			};
		};
/* End XCRemoteSwiftPackageReference section */

/* Begin XCSwiftPackageProductDependency section */
		8708D6BA2A9F86E70000CAC5 /* SnapKit */ = {
			isa = XCSwiftPackageProductDependency;
			package = 8708D6B92A9F86E70000CAC5 /* XCRemoteSwiftPackageReference "SnapKit" */;
			productName = SnapKit;
		};
/* End XCSwiftPackageProductDependency section */
	};
	rootObject = 877DAC852A7AD46C00AE3038 /* Project object */;
}
